
Microsoft Visual Studio Solution File, Format Version 12.00
# Visual Studio Version 17
VisualStudioVersion = 17.3.32804.467
MinimumVisualStudioVersion = 10.0.40219.1
Project("{FAE04EC0-301F-11D3-BF4B-00C04F79EFBC}") = "BackendServer2", "BackendServer2.csproj", "{B226F7A0-EB36-43AE-8329-800408BF8B57}"
EndProject
Global
	GlobalSection(SolutionConfigurationPlatforms) = preSolution
		Debug|Any CPU = Debug|Any CPU
		Release|Any CPU = Release|Any CPU
	EndGlobalSection
	GlobalSection(ProjectConfigurationPlatforms) = postSolution
		{B226F7A0-EB36-43AE-8329-800408BF8B57}.Debug|Any CPU.ActiveCfg = Debug|Any CPU
		{B226F7A0-EB36-43AE-8329-800408BF8B57}.Debug|Any CPU.Build.0 = Debug|Any CPU
		{B226F7A0-EB36-43AE-8329-800408BF8B57}.Release|Any CPU.ActiveCfg = Release|Any CPU
		{B226F7A0-EB36-43AE-8329-800408BF8B57}.Release|Any CPU.Build.0 = Release|Any CPU
	EndGlobalSection
	GlobalSection(SolutionProperties) = preSolution
		HideSolutionNode = FALSE
	EndGlobalSection
	GlobalSection(ExtensibilityGlobals) = postSolution
		SolutionGuid = {0FAAA480-781D-45E9-BD51-ECF57956AD8B}
	EndGlobalSection
EndGlobal
